
Microsoft Visual Studio Solution File, Format Version 12.00
# Visual Studio Version 16
VisualStudioVersion = 16.0.31605.320
MinimumVisualStudioVersion = 10.0.40219.1
Project("{FAE04EC0-301F-11D3-BF4B-00C04F79EFBC}") = "lab.LocalCosmosDbApp", "lab.LocalCosmosDbApp\lab.LocalCosmosDbApp.csproj", "{7F93A34D-96C3-4CDF-81D8-08C5C81E9E09}"
EndProject
Global
	GlobalSection(SolutionConfigurationPlatforms) = preSolution
		Debug|Any CPU = Debug|Any CPU
		Release|Any CPU = Release|Any CPU
	EndGlobalSection
	GlobalSection(ProjectConfigurationPlatforms) = postSolution
		{7F93A34D-96C3-4CDF-81D8-08C5C81E9E09}.Debug|Any CPU.ActiveCfg = Debug|Any CPU
		{7F93A34D-96C3-4CDF-81D8-08C5C81E9E09}.Debug|Any CPU.Build.0 = Debug|Any CPU
		{7F93A34D-96C3-4CDF-81D8-08C5C81E9E09}.Release|Any CPU.ActiveCfg = Release|Any CPU
		{7F93A34D-96C3-4CDF-81D8-08C5C81E9E09}.Release|Any CPU.Build.0 = Release|Any CPU
	EndGlobalSection
	GlobalSection(SolutionProperties) = preSolution
		HideSolutionNode = FALSE
	EndGlobalSection
	GlobalSection(ExtensibilityGlobals) = postSolution
		SolutionGuid = {64D9E947-E487-4C55-8147-24FA43B341D2}
	EndGlobalSection
EndGlobal
